// !$*UTF8*$!
{
	archiveVersion = 1;
	classes = {
	};
	objectVersion = 77;
	objects = {

/* Begin PBXBuildFile section */
		A41C65BA2DC7205C005E01D2 /* GoogleService-Info.plist in Resources */ = {isa = PBXBuildFile; fileRef = A41C65B92DC7205C005E01D2 /* GoogleService-Info.plist */; };
		A41C65BD2DC720E9005E01D2 /* FirebaseAnalytics in Frameworks */ = {isa = PBXBuildFile; productRef = A41C65BC2DC720E9005E01D2 /* FirebaseAnalytics */; };
		A41C65BF2DC720E9005E01D2 /* (null) in Frameworks */ = {isa = PBXBuildFile; };
		A41C65C12DC720E9005E01D2 /* (null) in Frameworks */ = {isa = PBXBuildFile; };
		A41C65C32DC720E9005E01D2 /* (null) in Frameworks */ = {isa = PBXBuildFile; };
		A41C65C52DC720E9005E01D2 /* (null) in Frameworks */ = {isa = PBXBuildFile; };
		A41C65EE2DC724C0005E01D2 /* (null) in Frameworks */ = {isa = PBXBuildFile; };
		A41C65F02DC724C0005E01D2 /* (null) in Frameworks */ = {isa = PBXBuildFile; };
		A41C65F22DC724C0005E01D2 /* (null) in Frameworks */ = {isa = PBXBuildFile; };
		A41C65F42DC724C0005E01D2 /* (null) in Frameworks */ = {isa = PBXBuildFile; };
		A41C65F62DC724C0005E01D2 /* (null) in Frameworks */ = {isa = PBXBuildFile; };
		A41C65F82DC724C0005E01D2 /* (null) in Frameworks */ = {isa = PBXBuildFile; };
		A41C65FA2DC724C0005E01D2 /* (null) in Frameworks */ = {isa = PBXBuildFile; };
		A41C65FC2DC724C0005E01D2 /* (null) in Frameworks */ = {isa = PBXBuildFile; };
		A41C65FE2DC724C0005E01D2 /* (null) in Frameworks */ = {isa = PBXBuildFile; };
		A41C66002DC724C0005E01D2 /* (null) in Frameworks */ = {isa = PBXBuildFile; };
		A41C66022DC724C0005E01D2 /* (null) in Frameworks */ = {isa = PBXBuildFile; };
		A41C66042DC724C0005E01D2 /* (null) in Frameworks */ = {isa = PBXBuildFile; };
		A41C66062DC724C0005E01D2 /* (null) in Frameworks */ = {isa = PBXBuildFile; };
		A41C66082DC724C0005E01D2 /* (null) in Frameworks */ = {isa = PBXBuildFile; };
		A41C660A2DC724C0005E01D2 /* (null) in Frameworks */ = {isa = PBXBuildFile; };
		A41C660C2DC724C0005E01D2 /* (null) in Frameworks */ = {isa = PBXBuildFile; };
		A41C660E2DC724C0005E01D2 /* (null) in Frameworks */ = {isa = PBXBuildFile; };
		A41C66102DC724C0005E01D2 /* (null) in Frameworks */ = {isa = PBXBuildFile; };
		A41C66122DC724C0005E01D2 /* (null) in Frameworks */ = {isa = PBXBuildFile; };
		A426C2142DC726BA002A4E44 /* FirebaseAnalyticsOnDeviceConversion in Frameworks */ = {isa = PBXBuildFile; productRef = A426C2132DC726BA002A4E44 /* FirebaseAnalyticsOnDeviceConversion */; };
		A426C2162DC726BA002A4E44 /* FirebaseAnalyticsSwift in Frameworks */ = {isa = PBXBuildFile; productRef = A426C2152DC726BA002A4E44 /* FirebaseAnalyticsSwift */; };
		A426C2182DC726BA002A4E44 /* FirebaseAnalyticsWithoutAdIdSupport in Frameworks */ = {isa = PBXBuildFile; productRef = A426C2172DC726BA002A4E44 /* FirebaseAnalyticsWithoutAdIdSupport */; };
		A426C21A2DC726BA002A4E44 /* FirebaseAppCheck in Frameworks */ = {isa = PBXBuildFile; productRef = A426C2192DC726BA002A4E44 /* FirebaseAppCheck */; };
		A426C21C2DC726BA002A4E44 /* FirebaseAppDistribution-Beta in Frameworks */ = {isa = PBXBuildFile; productRef = A426C21B2DC726BA002A4E44 /* FirebaseAppDistribution-Beta */; };
		A426C21E2DC726BA002A4E44 /* FirebaseAuth in Frameworks */ = {isa = PBXBuildFile; productRef = A426C21D2DC726BA002A4E44 /* FirebaseAuth */; };
		A426C2202DC726BA002A4E44 /* FirebaseAuthCombine-Community in Frameworks */ = {isa = PBXBuildFile; productRef = A426C21F2DC726BA002A4E44 /* FirebaseAuthCombine-Community */; };
		A426C2222DC726BA002A4E44 /* FirebaseCrashlytics in Frameworks */ = {isa = PBXBuildFile; productRef = A426C2212DC726BA002A4E44 /* FirebaseCrashlytics */; };
		A426C2242DC726BA002A4E44 /* FirebaseDatabase in Frameworks */ = {isa = PBXBuildFile; productRef = A426C2232DC726BA002A4E44 /* FirebaseDatabase */; };
		A426C2262DC726BA002A4E44 /* FirebaseDatabaseSwift in Frameworks */ = {isa = PBXBuildFile; productRef = A426C2252DC726BA002A4E44 /* FirebaseDatabaseSwift */; };
		A426C2282DC726BA002A4E44 /* FirebaseDynamicLinks in Frameworks */ = {isa = PBXBuildFile; productRef = A426C2272DC726BA002A4E44 /* FirebaseDynamicLinks */; };
		A426C22A2DC726BA002A4E44 /* FirebaseFirestore in Frameworks */ = {isa = PBXBuildFile; productRef = A426C2292DC726BA002A4E44 /* FirebaseFirestore */; };
		A426C22C2DC726BA002A4E44 /* FirebaseFirestoreCombine-Community in Frameworks */ = {isa = PBXBuildFile; productRef = A426C22B2DC726BA002A4E44 /* FirebaseFirestoreCombine-Community */; };
		A426C22E2DC726BA002A4E44 /* FirebaseFirestoreSwift in Frameworks */ = {isa = PBXBuildFile; productRef = A426C22D2DC726BA002A4E44 /* FirebaseFirestoreSwift */; };
		A426C2302DC726BA002A4E44 /* FirebaseFunctions in Frameworks */ = {isa = PBXBuildFile; productRef = A426C22F2DC726BA002A4E44 /* FirebaseFunctions */; };
		A426C2322DC726BA002A4E44 /* FirebaseFunctionsCombine-Community in Frameworks */ = {isa = PBXBuildFile; productRef = A426C2312DC726BA002A4E44 /* FirebaseFunctionsCombine-Community */; };
		A426C2342DC726BA002A4E44 /* FirebaseInAppMessaging-Beta in Frameworks */ = {isa = PBXBuildFile; productRef = A426C2332DC726BA002A4E44 /* FirebaseInAppMessaging-Beta */; };
		A426C2362DC726BA002A4E44 /* FirebaseInAppMessagingSwift-Beta in Frameworks */ = {isa = PBXBuildFile; productRef = A426C2352DC726BA002A4E44 /* FirebaseInAppMessagingSwift-Beta */; };
		A426C2382DC726BA002A4E44 /* FirebaseInstallations in Frameworks */ = {isa = PBXBuildFile; productRef = A426C2372DC726BA002A4E44 /* FirebaseInstallations */; };
		A426C23A2DC726BA002A4E44 /* FirebaseMLModelDownloader in Frameworks */ = {isa = PBXBuildFile; productRef = A426C2392DC726BA002A4E44 /* FirebaseMLModelDownloader */; };
		A426C23C2DC726BA002A4E44 /* FirebaseMessaging in Frameworks */ = {isa = PBXBuildFile; productRef = A426C23B2DC726BA002A4E44 /* FirebaseMessaging */; };
		A426C23E2DC726BA002A4E44 /* FirebasePerformance in Frameworks */ = {isa = PBXBuildFile; productRef = A426C23D2DC726BA002A4E44 /* FirebasePerformance */; };
		A426C2402DC726BA002A4E44 /* FirebaseRemoteConfig in Frameworks */ = {isa = PBXBuildFile; productRef = A426C23F2DC726BA002A4E44 /* FirebaseRemoteConfig */; };
		A426C2422DC726BA002A4E44 /* FirebaseRemoteConfigSwift in Frameworks */ = {isa = PBXBuildFile; productRef = A426C2412DC726BA002A4E44 /* FirebaseRemoteConfigSwift */; };
		A426C2442DC726BA002A4E44 /* FirebaseStorage in Frameworks */ = {isa = PBXBuildFile; productRef = A426C2432DC726BA002A4E44 /* FirebaseStorage */; };
		A426C2462DC726BA002A4E44 /* FirebaseStorageCombine-Community in Frameworks */ = {isa = PBXBuildFile; productRef = A426C2452DC726BA002A4E44 /* FirebaseStorageCombine-Community */; };
		A426C2482DC726BA002A4E44 /* FirebaseVertexAI-Preview in Frameworks */ = {isa = PBXBuildFile; productRef = A426C2472DC726BA002A4E44 /* FirebaseVertexAI-Preview */; };
/* End PBXBuildFile section */

/* Begin PBXContainerItemProxy section */
		A42E699C2D99DA7C00EE3523 /* PBXContainerItemProxy */ = {
			isa = PBXContainerItemProxy;
			containerPortal = A42E69832D99DA7B00EE3523 /* Project object */;
			proxyType = 1;
			remoteGlobalIDString = A42E698A2D99DA7B00EE3523;
			remoteInfo = "Wardrobe App";
		};
		A42E69A62D99DA7C00EE3523 /* PBXContainerItemProxy */ = {
			isa = PBXContainerItemProxy;
			containerPortal = A42E69832D99DA7B00EE3523 /* Project object */;
			proxyType = 1;
			remoteGlobalIDString = A42E698A2D99DA7B00EE3523;
			remoteInfo = "Wardrobe App";
		};
/* End PBXContainerItemProxy section */

/* Begin PBXFileReference section */
		A41C65B92DC7205C005E01D2 /* GoogleService-Info.plist */ = {isa = PBXFileReference; lastKnownFileType = text.plist.xml; path = "GoogleService-Info.plist"; sourceTree = "<group>"; };
		A42E698B2D99DA7B00EE3523 /* Wardrobe App.app */ = {isa = PBXFileReference; explicitFileType = wrapper.application; includeInIndex = 0; path = "Wardrobe App.app"; sourceTree = BUILT_PRODUCTS_DIR; };
		A42E699B2D99DA7C00EE3523 /* Wardrobe AppTests.xctest */ = {isa = PBXFileReference; explicitFileType = wrapper.cfbundle; includeInIndex = 0; path = "Wardrobe AppTests.xctest"; sourceTree = BUILT_PRODUCTS_DIR; };
		A42E69A52D99DA7C00EE3523 /* Wardrobe AppUITests.xctest */ = {isa = PBXFileReference; explicitFileType = wrapper.cfbundle; includeInIndex = 0; path = "Wardrobe AppUITests.xctest"; sourceTree = BUILT_PRODUCTS_DIR; };
/* End PBXFileReference section */

/* Begin PBXFileSystemSynchronizedRootGroup section */
		A42E698D2D99DA7B00EE3523 /* Wardrobe App */ = {
			isa = PBXFileSystemSynchronizedRootGroup;
			path = "Wardrobe App";
			sourceTree = "<group>";
		};
		A42E699E2D99DA7C00EE3523 /* Wardrobe AppTests */ = {
			isa = PBXFileSystemSynchronizedRootGroup;
			path = "Wardrobe AppTests";
			sourceTree = "<group>";
		};
		A42E69A82D99DA7C00EE3523 /* Wardrobe AppUITests */ = {
			isa = PBXFileSystemSynchronizedRootGroup;
			path = "Wardrobe AppUITests";
			sourceTree = "<group>";
		};
/* End PBXFileSystemSynchronizedRootGroup section */

/* Begin PBXFrameworksBuildPhase section */
		A42E69882D99DA7B00EE3523 /* Frameworks */ = {
			isa = PBXFrameworksBuildPhase;
			buildActionMask = 2147483647;
			files = (
				A426C21C2DC726BA002A4E44 /* FirebaseAppDistribution-Beta in Frameworks */,
				A426C21E2DC726BA002A4E44 /* FirebaseAuth in Frameworks */,
				A41C65FC2DC724C0005E01D2 /* (null) in Frameworks */,
				A41C66122DC724C0005E01D2 /* (null) in Frameworks */,
				A426C2142DC726BA002A4E44 /* FirebaseAnalyticsOnDeviceConversion in Frameworks */,
				A426C2342DC726BA002A4E44 /* FirebaseInAppMessaging-Beta in Frameworks */,
				A426C2482DC726BA002A4E44 /* FirebaseVertexAI-Preview in Frameworks */,
				A426C22E2DC726BA002A4E44 /* FirebaseFirestoreSwift in Frameworks */,
				A426C23A2DC726BA002A4E44 /* FirebaseMLModelDownloader in Frameworks */,
				A426C22A2DC726BA002A4E44 /* FirebaseFirestore in Frameworks */,
				A426C2422DC726BA002A4E44 /* FirebaseRemoteConfigSwift in Frameworks */,
				A41C65FE2DC724C0005E01D2 /* (null) in Frameworks */,
				A426C21A2DC726BA002A4E44 /* FirebaseAppCheck in Frameworks */,
				A426C2302DC726BA002A4E44 /* FirebaseFunctions in Frameworks */,
				A41C660A2DC724C0005E01D2 /* (null) in Frameworks */,
				A41C66102DC724C0005E01D2 /* (null) in Frameworks */,
				A41C660C2DC724C0005E01D2 /* (null) in Frameworks */,
				A426C2182DC726BA002A4E44 /* FirebaseAnalyticsWithoutAdIdSupport in Frameworks */,
				A41C65F62DC724C0005E01D2 /* (null) in Frameworks */,
				A426C2362DC726BA002A4E44 /* FirebaseInAppMessagingSwift-Beta in Frameworks */,
				A41C65F82DC724C0005E01D2 /* (null) in Frameworks */,
				A41C65C32DC720E9005E01D2 /* (null) in Frameworks */,
				A426C2262DC726BA002A4E44 /* FirebaseDatabaseSwift in Frameworks */,
				A426C2462DC726BA002A4E44 /* FirebaseStorageCombine-Community in Frameworks */,
				A41C65EE2DC724C0005E01D2 /* (null) in Frameworks */,
				A41C65BD2DC720E9005E01D2 /* FirebaseAnalytics in Frameworks */,
				A41C65FA2DC724C0005E01D2 /* (null) in Frameworks */,
				A41C66082DC724C0005E01D2 /* (null) in Frameworks */,
				A426C2282DC726BA002A4E44 /* FirebaseDynamicLinks in Frameworks */,
				A426C2322DC726BA002A4E44 /* FirebaseFunctionsCombine-Community in Frameworks */,
				A426C23C2DC726BA002A4E44 /* FirebaseMessaging in Frameworks */,
				A41C66042DC724C0005E01D2 /* (null) in Frameworks */,
				A41C66002DC724C0005E01D2 /* (null) in Frameworks */,
				A41C65C52DC720E9005E01D2 /* (null) in Frameworks */,
				A426C2402DC726BA002A4E44 /* FirebaseRemoteConfig in Frameworks */,
				A426C2202DC726BA002A4E44 /* FirebaseAuthCombine-Community in Frameworks */,
				A41C65C12DC720E9005E01D2 /* (null) in Frameworks */,
				A41C66022DC724C0005E01D2 /* (null) in Frameworks */,
				A41C65F02DC724C0005E01D2 /* (null) in Frameworks */,
				A41C65F42DC724C0005E01D2 /* (null) in Frameworks */,
				A41C66062DC724C0005E01D2 /* (null) in Frameworks */,
				A426C2162DC726BA002A4E44 /* FirebaseAnalyticsSwift in Frameworks */,
				A426C22C2DC726BA002A4E44 /* FirebaseFirestoreCombine-Community in Frameworks */,
				A41C660E2DC724C0005E01D2 /* (null) in Frameworks */,
				A426C23E2DC726BA002A4E44 /* FirebasePerformance in Frameworks */,
				A426C2222DC726BA002A4E44 /* FirebaseCrashlytics in Frameworks */,
				A426C2242DC726BA002A4E44 /* FirebaseDatabase in Frameworks */,
				A426C2382DC726BA002A4E44 /* FirebaseInstallations in Frameworks */,
				A426C2442DC726BA002A4E44 /* FirebaseStorage in Frameworks */,
				A41C65F22DC724C0005E01D2 /* (null) in Frameworks */,
				A41C65BF2DC720E9005E01D2 /* (null) in Frameworks */,
			);
			runOnlyForDeploymentPostprocessing = 0;
		};
		A42E69982D99DA7C00EE3523 /* Frameworks */ = {
			isa = PBXFrameworksBuildPhase;
			buildActionMask = 2147483647;
			files = (
			);
			runOnlyForDeploymentPostprocessing = 0;
		};
		A42E69A22D99DA7C00EE3523 /* Frameworks */ = {
			isa = PBXFrameworksBuildPhase;
			buildActionMask = 2147483647;
			files = (
			);
			runOnlyForDeploymentPostprocessing = 0;
		};
/* End PBXFrameworksBuildPhase section */

/* Begin PBXGroup section */
		A42E69822D99DA7B00EE3523 = {
			isa = PBXGroup;
			children = (
				A42E698D2D99DA7B00EE3523 /* Wardrobe App */,
				A42E699E2D99DA7C00EE3523 /* Wardrobe AppTests */,
				A42E69A82D99DA7C00EE3523 /* Wardrobe AppUITests */,
				A42E698C2D99DA7B00EE3523 /* Products */,
				A41C65B92DC7205C005E01D2 /* GoogleService-Info.plist */,
			);
			sourceTree = "<group>";
		};
		A42E698C2D99DA7B00EE3523 /* Products */ = {
			isa = PBXGroup;
			children = (
				A42E698B2D99DA7B00EE3523 /* Wardrobe App.app */,
				A42E699B2D99DA7C00EE3523 /* Wardrobe AppTests.xctest */,
				A42E69A52D99DA7C00EE3523 /* Wardrobe AppUITests.xctest */,
			);
			name = Products;
			sourceTree = "<group>";
		};
/* End PBXGroup section */

/* Begin PBXNativeTarget section */
		A42E698A2D99DA7B00EE3523 /* Wardrobe App */ = {
			isa = PBXNativeTarget;
			buildConfigurationList = A42E69AF2D99DA7C00EE3523 /* Build configuration list for PBXNativeTarget "Wardrobe App" */;
			buildPhases = (
				A42E69872D99DA7B00EE3523 /* Sources */,
				A42E69882D99DA7B00EE3523 /* Frameworks */,
				A42E69892D99DA7B00EE3523 /* Resources */,
			);
			buildRules = (
			);
			dependencies = (
			);
			fileSystemSynchronizedGroups = (
				A42E698D2D99DA7B00EE3523 /* Wardrobe App */,
			);
			name = "Wardrobe App";
			packageProductDependencies = (
				A41C65BC2DC720E9005E01D2 /* FirebaseAnalytics */,
				A426C2132DC726BA002A4E44 /* FirebaseAnalyticsOnDeviceConversion */,
				A426C2152DC726BA002A4E44 /* FirebaseAnalyticsSwift */,
				A426C2172DC726BA002A4E44 /* FirebaseAnalyticsWithoutAdIdSupport */,
				A426C2192DC726BA002A4E44 /* FirebaseAppCheck */,
				A426C21B2DC726BA002A4E44 /* FirebaseAppDistribution-Beta */,
				A426C21D2DC726BA002A4E44 /* FirebaseAuth */,
				A426C21F2DC726BA002A4E44 /* FirebaseAuthCombine-Community */,
				A426C2212DC726BA002A4E44 /* FirebaseCrashlytics */,
				A426C2232DC726BA002A4E44 /* FirebaseDatabase */,
				A426C2252DC726BA002A4E44 /* FirebaseDatabaseSwift */,
				A426C2272DC726BA002A4E44 /* FirebaseDynamicLinks */,
				A426C2292DC726BA002A4E44 /* FirebaseFirestore */,
				A426C22B2DC726BA002A4E44 /* FirebaseFirestoreCombine-Community */,
				A426C22D2DC726BA002A4E44 /* FirebaseFirestoreSwift */,
				A426C22F2DC726BA002A4E44 /* FirebaseFunctions */,
				A426C2312DC726BA002A4E44 /* FirebaseFunctionsCombine-Community */,
				A426C2332DC726BA002A4E44 /* FirebaseInAppMessaging-Beta */,
				A426C2352DC726BA002A4E44 /* FirebaseInAppMessagingSwift-Beta */,
				A426C2372DC726BA002A4E44 /* FirebaseInstallations */,
				A426C2392DC726BA002A4E44 /* FirebaseMLModelDownloader */,
				A426C23B2DC726BA002A4E44 /* FirebaseMessaging */,
				A426C23D2DC726BA002A4E44 /* FirebasePerformance */,
				A426C23F2DC726BA002A4E44 /* FirebaseRemoteConfig */,
				A426C2412DC726BA002A4E44 /* FirebaseRemoteConfigSwift */,
				A426C2432DC726BA002A4E44 /* FirebaseStorage */,
				A426C2452DC726BA002A4E44 /* FirebaseStorageCombine-Community */,
				A426C2472DC726BA002A4E44 /* FirebaseVertexAI-Preview */,
			);
			productName = "Wardrobe App";
			productReference = A42E698B2D99DA7B00EE3523 /* Wardrobe App.app */;
			productType = "com.apple.product-type.application";
		};
		A42E699A2D99DA7C00EE3523 /* Wardrobe AppTests */ = {
			isa = PBXNativeTarget;
			buildConfigurationList = A42E69B22D99DA7C00EE3523 /* Build configuration list for PBXNativeTarget "Wardrobe AppTests" */;
			buildPhases = (
				A42E69972D99DA7C00EE3523 /* Sources */,
				A42E69982D99DA7C00EE3523 /* Frameworks */,
				A42E69992D99DA7C00EE3523 /* Resources */,
			);
			buildRules = (
			);
			dependencies = (
				A42E699D2D99DA7C00EE3523 /* PBXTargetDependency */,
			);
			fileSystemSynchronizedGroups = (
				A42E699E2D99DA7C00EE3523 /* Wardrobe AppTests */,
			);
			name = "Wardrobe AppTests";
			packageProductDependencies = (
			);
			productName = "Wardrobe AppTests";
			productReference = A42E699B2D99DA7C00EE3523 /* Wardrobe AppTests.xctest */;
			productType = "com.apple.product-type.bundle.unit-test";
		};
		A42E69A42D99DA7C00EE3523 /* Wardrobe AppUITests */ = {
			isa = PBXNativeTarget;
			buildConfigurationList = A42E69B52D99DA7C00EE3523 /* Build configuration list for PBXNativeTarget "Wardrobe AppUITests" */;
			buildPhases = (
				A42E69A12D99DA7C00EE3523 /* Sources */,
				A42E69A22D99DA7C00EE3523 /* Frameworks */,
				A42E69A32D99DA7C00EE3523 /* Resources */,
			);
			buildRules = (
			);
			dependencies = (
				A42E69A72D99DA7C00EE3523 /* PBXTargetDependency */,
			);
			fileSystemSynchronizedGroups = (
				A42E69A82D99DA7C00EE3523 /* Wardrobe AppUITests */,
			);
			name = "Wardrobe AppUITests";
			packageProductDependencies = (
			);
			productName = "Wardrobe AppUITests";
			productReference = A42E69A52D99DA7C00EE3523 /* Wardrobe AppUITests.xctest */;
			productType = "com.apple.product-type.bundle.ui-testing";
		};
/* End PBXNativeTarget section */

/* Begin PBXProject section */
		A42E69832D99DA7B00EE3523 /* Project object */ = {
			isa = PBXProject;
			attributes = {
				BuildIndependentTargetsInParallel = 1;
				LastSwiftUpdateCheck = 1620;
				LastUpgradeCheck = 1630;
				TargetAttributes = {
					A42E698A2D99DA7B00EE3523 = {
						CreatedOnToolsVersion = 16.2;
					};
					A42E699A2D99DA7C00EE3523 = {
						CreatedOnToolsVersion = 16.2;
						TestTargetID = A42E698A2D99DA7B00EE3523;
					};
					A42E69A42D99DA7C00EE3523 = {
						CreatedOnToolsVersion = 16.2;
						TestTargetID = A42E698A2D99DA7B00EE3523;
					};
				};
			};
			buildConfigurationList = A42E69862D99DA7B00EE3523 /* Build configuration list for PBXProject "Wardrobe App" */;
			developmentRegion = en;
			hasScannedForEncodings = 0;
			knownRegions = (
				en,
				Base,
			);
			mainGroup = A42E69822D99DA7B00EE3523;
			minimizedProjectReferenceProxies = 1;
			packageReferences = (
				A41C65BB2DC720E9005E01D2 /* XCRemoteSwiftPackageReference "firebase-ios-sdk" */,
			);
			preferredProjectObjectVersion = 77;
			productRefGroup = A42E698C2D99DA7B00EE3523 /* Products */;
			projectDirPath = "";
			projectRoot = "";
			targets = (
				A42E698A2D99DA7B00EE3523 /* Wardrobe App */,
				A42E699A2D99DA7C00EE3523 /* Wardrobe AppTests */,
				A42E69A42D99DA7C00EE3523 /* Wardrobe AppUITests */,
			);
		};
/* End PBXProject section */

/* Begin PBXResourcesBuildPhase section */
		A42E69892D99DA7B00EE3523 /* Resources */ = {
			isa = PBXResourcesBuildPhase;
			buildActionMask = 2147483647;
			files = (
				A41C65BA2DC7205C005E01D2 /* GoogleService-Info.plist in Resources */,
			);
			runOnlyForDeploymentPostprocessing = 0;
		};
		A42E69992D99DA7C00EE3523 /* Resources */ = {
			isa = PBXResourcesBuildPhase;
			buildActionMask = 2147483647;
			files = (
			);
			runOnlyForDeploymentPostprocessing = 0;
		};
		A42E69A32D99DA7C00EE3523 /* Resources */ = {
			isa = PBXResourcesBuildPhase;
			buildActionMask = 2147483647;
			files = (
			);
			runOnlyForDeploymentPostprocessing = 0;
		};
/* End PBXResourcesBuildPhase section */

/* Begin PBXSourcesBuildPhase section */
		A42E69872D99DA7B00EE3523 /* Sources */ = {
			isa = PBXSourcesBuildPhase;
			buildActionMask = 2147483647;
			files = (
			);
			runOnlyForDeploymentPostprocessing = 0;
		};
		A42E69972D99DA7C00EE3523 /* Sources */ = {
			isa = PBXSourcesBuildPhase;
			buildActionMask = 2147483647;
			files = (
			);
			runOnlyForDeploymentPostprocessing = 0;
		};
		A42E69A12D99DA7C00EE3523 /* Sources */ = {
			isa = PBXSourcesBuildPhase;
			buildActionMask = 2147483647;
			files = (
			);
			runOnlyForDeploymentPostprocessing = 0;
		};
/* End PBXSourcesBuildPhase section */

/* Begin PBXTargetDependency section */
		A42E699D2D99DA7C00EE3523 /* PBXTargetDependency */ = {
			isa = PBXTargetDependency;
			target = A42E698A2D99DA7B00EE3523 /* Wardrobe App */;
			targetProxy = A42E699C2D99DA7C00EE3523 /* PBXContainerItemProxy */;
		};
		A42E69A72D99DA7C00EE3523 /* PBXTargetDependency */ = {
			isa = PBXTargetDependency;
			target = A42E698A2D99DA7B00EE3523 /* Wardrobe App */;
			targetProxy = A42E69A62D99DA7C00EE3523 /* PBXContainerItemProxy */;
		};
/* End PBXTargetDependency section */

/* Begin XCBuildConfiguration section */
		A42E69AD2D99DA7C00EE3523 /* Debug */ = {
			isa = XCBuildConfiguration;
			buildSettings = {
				ALWAYS_SEARCH_USER_PATHS = NO;
				ASSETCATALOG_COMPILER_GENERATE_SWIFT_ASSET_SYMBOL_EXTENSIONS = YES;
				CLANG_ANALYZER_NONNULL = YES;
				CLANG_ANALYZER_NUMBER_OBJECT_CONVERSION = YES_AGGRESSIVE;
				CLANG_CXX_LANGUAGE_STANDARD = "gnu++20";
				CLANG_ENABLE_MODULES = YES;
				CLANG_ENABLE_OBJC_ARC = YES;
				CLANG_ENABLE_OBJC_WEAK = YES;
				CLANG_WARN_BLOCK_CAPTURE_AUTORELEASING = YES;
				CLANG_WARN_BOOL_CONVERSION = YES;
				CLANG_WARN_COMMA = YES;
				CLANG_WARN_CONSTANT_CONVERSION = YES;
				CLANG_WARN_DEPRECATED_OBJC_IMPLEMENTATIONS = YES;
				CLANG_WARN_DIRECT_OBJC_ISA_USAGE = YES_ERROR;
				CLANG_WARN_DOCUMENTATION_COMMENTS = YES;
				CLANG_WARN_EMPTY_BODY = YES;
				CLANG_WARN_ENUM_CONVERSION = YES;
				CLANG_WARN_INFINITE_RECURSION = YES;
				CLANG_WARN_INT_CONVERSION = YES;
				CLANG_WARN_NON_LITERAL_NULL_CONVERSION = YES;
				CLANG_WARN_OBJC_IMPLICIT_RETAIN_SELF = YES;
				CLANG_WARN_OBJC_LITERAL_CONVERSION = YES;
				CLANG_WARN_OBJC_ROOT_CLASS = YES_ERROR;
				CLANG_WARN_QUOTED_INCLUDE_IN_FRAMEWORK_HEADER = YES;
				CLANG_WARN_RANGE_LOOP_ANALYSIS = YES;
				CLANG_WARN_STRICT_PROTOTYPES = YES;
				CLANG_WARN_SUSPICIOUS_MOVE = YES;
				CLANG_WARN_UNGUARDED_AVAILABILITY = YES_AGGRESSIVE;
				CLANG_WARN_UNREACHABLE_CODE = YES;
				CLANG_WARN__DUPLICATE_METHOD_MATCH = YES;
				COPY_PHASE_STRIP = NO;
				DEBUG_INFORMATION_FORMAT = dwarf;
				DEVELOPMENT_TEAM = 73CDG77K2K;
				ENABLE_STRICT_OBJC_MSGSEND = YES;
				ENABLE_TESTABILITY = YES;
				ENABLE_USER_SCRIPT_SANDBOXING = YES;
				GCC_C_LANGUAGE_STANDARD = gnu17;
				GCC_DYNAMIC_NO_PIC = NO;
				GCC_NO_COMMON_BLOCKS = YES;
				GCC_OPTIMIZATION_LEVEL = 0;
				GCC_PREPROCESSOR_DEFINITIONS = (
					"DEBUG=1",
					"$(inherited)",
				);
				GCC_WARN_64_TO_32_BIT_CONVERSION = YES;
				GCC_WARN_ABOUT_RETURN_TYPE = YES_ERROR;
				GCC_WARN_UNDECLARED_SELECTOR = YES;
				GCC_WARN_UNINITIALIZED_AUTOS = YES_AGGRESSIVE;
				GCC_WARN_UNUSED_FUNCTION = YES;
				GCC_WARN_UNUSED_VARIABLE = YES;
				IPHONEOS_DEPLOYMENT_TARGET = 18.2;
				LOCALIZATION_PREFERS_STRING_CATALOGS = YES;
				MTL_ENABLE_DEBUG_INFO = INCLUDE_SOURCE;
				MTL_FAST_MATH = YES;
				ONLY_ACTIVE_ARCH = YES;
				SDKROOT = iphoneos;
				SWIFT_ACTIVE_COMPILATION_CONDITIONS = "DEBUG $(inherited)";
				SWIFT_OPTIMIZATION_LEVEL = "-Onone";
			};
			name = Debug;
		};
		A42E69AE2D99DA7C00EE3523 /* Release */ = {
			isa = XCBuildConfiguration;
			buildSettings = {
				ALWAYS_SEARCH_USER_PATHS = NO;
				ASSETCATALOG_COMPILER_GENERATE_SWIFT_ASSET_SYMBOL_EXTENSIONS = YES;
				CLANG_ANALYZER_NONNULL = YES;
				CLANG_ANALYZER_NUMBER_OBJECT_CONVERSION = YES_AGGRESSIVE;
				CLANG_CXX_LANGUAGE_STANDARD = "gnu++20";
				CLANG_ENABLE_MODULES = YES;
				CLANG_ENABLE_OBJC_ARC = YES;
				CLANG_ENABLE_OBJC_WEAK = YES;
				CLANG_WARN_BLOCK_CAPTURE_AUTORELEASING = YES;
				CLANG_WARN_BOOL_CONVERSION = YES;
				CLANG_WARN_COMMA = YES;
				CLANG_WARN_CONSTANT_CONVERSION = YES;
				CLANG_WARN_DEPRECATED_OBJC_IMPLEMENTATIONS = YES;
				CLANG_WARN_DIRECT_OBJC_ISA_USAGE = YES_ERROR;
				CLANG_WARN_DOCUMENTATION_COMMENTS = YES;
				CLANG_WARN_EMPTY_BODY = YES;
				CLANG_WARN_ENUM_CONVERSION = YES;
				CLANG_WARN_INFINITE_RECURSION = YES;
				CLANG_WARN_INT_CONVERSION = YES;
				CLANG_WARN_NON_LITERAL_NULL_CONVERSION = YES;
				CLANG_WARN_OBJC_IMPLICIT_RETAIN_SELF = YES;
				CLANG_WARN_OBJC_LITERAL_CONVERSION = YES;
				CLANG_WARN_OBJC_ROOT_CLASS = YES_ERROR;
				CLANG_WARN_QUOTED_INCLUDE_IN_FRAMEWORK_HEADER = YES;
				CLANG_WARN_RANGE_LOOP_ANALYSIS = YES;
				CLANG_WARN_STRICT_PROTOTYPES = YES;
				CLANG_WARN_SUSPICIOUS_MOVE = YES;
				CLANG_WARN_UNGUARDED_AVAILABILITY = YES_AGGRESSIVE;
				CLANG_WARN_UNREACHABLE_CODE = YES;
				CLANG_WARN__DUPLICATE_METHOD_MATCH = YES;
				COPY_PHASE_STRIP = NO;
				DEBUG_INFORMATION_FORMAT = "dwarf-with-dsym";
				DEVELOPMENT_TEAM = 73CDG77K2K;
				ENABLE_NS_ASSERTIONS = NO;
				ENABLE_STRICT_OBJC_MSGSEND = YES;
				ENABLE_USER_SCRIPT_SANDBOXING = YES;
				GCC_C_LANGUAGE_STANDARD = gnu17;
				GCC_NO_COMMON_BLOCKS = YES;
				GCC_WARN_64_TO_32_BIT_CONVERSION = YES;
				GCC_WARN_ABOUT_RETURN_TYPE = YES_ERROR;
				GCC_WARN_UNDECLARED_SELECTOR = YES;
				GCC_WARN_UNINITIALIZED_AUTOS = YES_AGGRESSIVE;
				GCC_WARN_UNUSED_FUNCTION = YES;
				GCC_WARN_UNUSED_VARIABLE = YES;
				IPHONEOS_DEPLOYMENT_TARGET = 18.2;
				LOCALIZATION_PREFERS_STRING_CATALOGS = YES;
				MTL_ENABLE_DEBUG_INFO = NO;
				MTL_FAST_MATH = YES;
				SDKROOT = iphoneos;
				SWIFT_COMPILATION_MODE = wholemodule;
				VALIDATE_PRODUCT = YES;
			};
			name = Release;
		};
		A42E69B02D99DA7C00EE3523 /* Debug */ = {
			isa = XCBuildConfiguration;
			buildSettings = {
				ASSETCATALOG_COMPILER_APPICON_NAME = AppIcon;
				ASSETCATALOG_COMPILER_GLOBAL_ACCENT_COLOR_NAME = AccentColor;
				CODE_SIGN_STYLE = Automatic;
				CURRENT_PROJECT_VERSION = 1;
				DEVELOPMENT_ASSET_PATHS = "\"Wardrobe App/Preview Content\"";
				ENABLE_PREVIEWS = YES;
				GENERATE_INFOPLIST_FILE = YES;
				INFOPLIST_KEY_UIApplicationSceneManifest_Generation = YES;
				INFOPLIST_KEY_UIApplicationSupportsIndirectInputEvents = YES;
				INFOPLIST_KEY_UILaunchScreen_Generation = YES;
				INFOPLIST_KEY_UISupportedInterfaceOrientations_iPad = "UIInterfaceOrientationPortrait UIInterfaceOrientationPortraitUpsideDown UIInterfaceOrientationLandscapeLeft UIInterfaceOrientationLandscapeRight";
				INFOPLIST_KEY_UISupportedInterfaceOrientations_iPhone = "UIInterfaceOrientationPortrait UIInterfaceOrientationLandscapeLeft UIInterfaceOrientationLandscapeRight";
				LD_RUNPATH_SEARCH_PATHS = (
					"$(inherited)",
					"@executable_path/Frameworks",
				);
				MARKETING_VERSION = 1.0;
				PRODUCT_BUNDLE_IDENTIFIER = "arnie.Wardrobe-App";
				PRODUCT_NAME = "$(TARGET_NAME)";
				SWIFT_EMIT_LOC_STRINGS = YES;
				SWIFT_VERSION = 5.0;
				TARGETED_DEVICE_FAMILY = "1,2";
			};
			name = Debug;
		};
		A42E69B12D99DA7C00EE3523 /* Release */ = {
			isa = XCBuildConfiguration;
			buildSettings = {
				ASSETCATALOG_COMPILER_APPICON_NAME = AppIcon;
				ASSETCATALOG_COMPILER_GLOBAL_ACCENT_COLOR_NAME = AccentColor;
				CODE_SIGN_STYLE = Automatic;
				CURRENT_PROJECT_VERSION = 1;
				DEVELOPMENT_ASSET_PATHS = "\"Wardrobe App/Preview Content\"";
				ENABLE_PREVIEWS = YES;
				GENERATE_INFOPLIST_FILE = YES;
				INFOPLIST_KEY_UIApplicationSceneManifest_Generation = YES;
				INFOPLIST_KEY_UIApplicationSupportsIndirectInputEvents = YES;
				INFOPLIST_KEY_UILaunchScreen_Generation = YES;
				INFOPLIST_KEY_UISupportedInterfaceOrientations_iPad = "UIInterfaceOrientationPortrait UIInterfaceOrientationPortraitUpsideDown UIInterfaceOrientationLandscapeLeft UIInterfaceOrientationLandscapeRight";
				INFOPLIST_KEY_UISupportedInterfaceOrientations_iPhone = "UIInterfaceOrientationPortrait UIInterfaceOrientationLandscapeLeft UIInterfaceOrientationLandscapeRight";
				LD_RUNPATH_SEARCH_PATHS = (
					"$(inherited)",
					"@executable_path/Frameworks",
				);
				MARKETING_VERSION = 1.0;
				PRODUCT_BUNDLE_IDENTIFIER = "arnie.Wardrobe-App";
				PRODUCT_NAME = "$(TARGET_NAME)";
				SWIFT_EMIT_LOC_STRINGS = YES;
				SWIFT_VERSION = 5.0;
				TARGETED_DEVICE_FAMILY = "1,2";
			};
			name = Release;
		};
		A42E69B32D99DA7C00EE3523 /* Debug */ = {
			isa = XCBuildConfiguration;
			buildSettings = {
				BUNDLE_LOADER = "$(TEST_HOST)";
				CODE_SIGN_STYLE = Automatic;
				CURRENT_PROJECT_VERSION = 1;
				GENERATE_INFOPLIST_FILE = YES;
				IPHONEOS_DEPLOYMENT_TARGET = 18.2;
				MARKETING_VERSION = 1.0;
				PRODUCT_BUNDLE_IDENTIFIER = "arnie.Wardrobe-AppTests";
				PRODUCT_NAME = "$(TARGET_NAME)";
				SWIFT_EMIT_LOC_STRINGS = NO;
				SWIFT_VERSION = 5.0;
				TARGETED_DEVICE_FAMILY = "1,2";
				TEST_HOST = "$(BUILT_PRODUCTS_DIR)/Wardrobe App.app/$(BUNDLE_EXECUTABLE_FOLDER_PATH)/Wardrobe App";
			};
			name = Debug;
		};
		A42E69B42D99DA7C00EE3523 /* Release */ = {
			isa = XCBuildConfiguration;
			buildSettings = {
				BUNDLE_LOADER = "$(TEST_HOST)";
				CODE_SIGN_STYLE = Automatic;
				CURRENT_PROJECT_VERSION = 1;
				GENERATE_INFOPLIST_FILE = YES;
				IPHONEOS_DEPLOYMENT_TARGET = 18.2;
				MARKETING_VERSION = 1.0;
				PRODUCT_BUNDLE_IDENTIFIER = "arnie.Wardrobe-AppTests";
				PRODUCT_NAME = "$(TARGET_NAME)";
				SWIFT_EMIT_LOC_STRINGS = NO;
				SWIFT_VERSION = 5.0;
				TARGETED_DEVICE_FAMILY = "1,2";
				TEST_HOST = "$(BUILT_PRODUCTS_DIR)/Wardrobe App.app/$(BUNDLE_EXECUTABLE_FOLDER_PATH)/Wardrobe App";
			};
			name = Release;
		};
		A42E69B62D99DA7C00EE3523 /* Debug */ = {
			isa = XCBuildConfiguration;
			buildSettings = {
				CODE_SIGN_STYLE = Automatic;
				CURRENT_PROJECT_VERSION = 1;
				GENERATE_INFOPLIST_FILE = YES;
				MARKETING_VERSION = 1.0;
				PRODUCT_BUNDLE_IDENTIFIER = "arnie.Wardrobe-AppUITests";
				PRODUCT_NAME = "$(TARGET_NAME)";
				SWIFT_EMIT_LOC_STRINGS = NO;
				SWIFT_VERSION = 5.0;
				TARGETED_DEVICE_FAMILY = "1,2";
				TEST_TARGET_NAME = "Wardrobe App";
			};
			name = Debug;
		};
		A42E69B72D99DA7C00EE3523 /* Release */ = {
			isa = XCBuildConfiguration;
			buildSettings = {
				CODE_SIGN_STYLE = Automatic;
				CURRENT_PROJECT_VERSION = 1;
				GENERATE_INFOPLIST_FILE = YES;
				MARKETING_VERSION = 1.0;
				PRODUCT_BUNDLE_IDENTIFIER = "arnie.Wardrobe-AppUITests";
				PRODUCT_NAME = "$(TARGET_NAME)";
				SWIFT_EMIT_LOC_STRINGS = NO;
				SWIFT_VERSION = 5.0;
				TARGETED_DEVICE_FAMILY = "1,2";
				TEST_TARGET_NAME = "Wardrobe App";
			};
			name = Release;
		};
/* End XCBuildConfiguration section */

/* Begin XCConfigurationList section */
		A42E69862D99DA7B00EE3523 /* Build configuration list for PBXProject "Wardrobe App" */ = {
			isa = XCConfigurationList;
			buildConfigurations = (
				A42E69AD2D99DA7C00EE3523 /* Debug */,
				A42E69AE2D99DA7C00EE3523 /* Release */,
			);
			defaultConfigurationIsVisible = 0;
			defaultConfigurationName = Release;
		};
		A42E69AF2D99DA7C00EE3523 /* Build configuration list for PBXNativeTarget "Wardrobe App" */ = {
			isa = XCConfigurationList;
			buildConfigurations = (
				A42E69B02D99DA7C00EE3523 /* Debug */,
				A42E69B12D99DA7C00EE3523 /* Release */,
			);
			defaultConfigurationIsVisible = 0;
			defaultConfigurationName = Release;
		};
		A42E69B22D99DA7C00EE3523 /* Build configuration list for PBXNativeTarget "Wardrobe AppTests" */ = {
			isa = XCConfigurationList;
			buildConfigurations = (
				A42E69B32D99DA7C00EE3523 /* Debug */,
				A42E69B42D99DA7C00EE3523 /* Release */,
			);
			defaultConfigurationIsVisible = 0;
			defaultConfigurationName = Release;
		};
		A42E69B52D99DA7C00EE3523 /* Build configuration list for PBXNativeTarget "Wardrobe AppUITests" */ = {
			isa = XCConfigurationList;
			buildConfigurations = (
				A42E69B62D99DA7C00EE3523 /* Debug */,
				A42E69B72D99DA7C00EE3523 /* Release */,
			);
			defaultConfigurationIsVisible = 0;
			defaultConfigurationName = Release;
		};
/* End XCConfigurationList section */

/* Begin XCRemoteSwiftPackageReference section */
		A41C65BB2DC720E9005E01D2 /* XCRemoteSwiftPackageReference "firebase-ios-sdk" */ = {
			isa = XCRemoteSwiftPackageReference;
			repositoryURL = "https://github.com/firebase/firebase-ios-sdk";
			requirement = {
				kind = upToNextMajorVersion;
				minimumVersion = 10.0.0;
			};
		};
/* End XCRemoteSwiftPackageReference section */

/* Begin XCSwiftPackageProductDependency section */
		A41C65BC2DC720E9005E01D2 /* FirebaseAnalytics */ = {
			isa = XCSwiftPackageProductDependency;
			package = A41C65BB2DC720E9005E01D2 /* XCRemoteSwiftPackageReference "firebase-ios-sdk" */;
			productName = FirebaseAnalytics;
		};
		A426C2132DC726BA002A4E44 /* FirebaseAnalyticsOnDeviceConversion */ = {
			isa = XCSwiftPackageProductDependency;
			package = A41C65BB2DC720E9005E01D2 /* XCRemoteSwiftPackageReference "firebase-ios-sdk" */;
			productName = FirebaseAnalyticsOnDeviceConversion;
		};
		A426C2152DC726BA002A4E44 /* FirebaseAnalyticsSwift */ = {
			isa = XCSwiftPackageProductDependency;
			package = A41C65BB2DC720E9005E01D2 /* XCRemoteSwiftPackageReference "firebase-ios-sdk" */;
			productName = FirebaseAnalyticsSwift;
		};
		A426C2172DC726BA002A4E44 /* FirebaseAnalyticsWithoutAdIdSupport */ = {
			isa = XCSwiftPackageProductDependency;
			package = A41C65BB2DC720E9005E01D2 /* XCRemoteSwiftPackageReference "firebase-ios-sdk" */;
			productName = FirebaseAnalyticsWithoutAdIdSupport;
		};
		A426C2192DC726BA002A4E44 /* FirebaseAppCheck */ = {
			isa = XCSwiftPackageProductDependency;
			package = A41C65BB2DC720E9005E01D2 /* XCRemoteSwiftPackageReference "firebase-ios-sdk" */;
			productName = FirebaseAppCheck;
		};
		A426C21B2DC726BA002A4E44 /* FirebaseAppDistribution-Beta */ = {
			isa = XCSwiftPackageProductDependency;
			package = A41C65BB2DC720E9005E01D2 /* XCRemoteSwiftPackageReference "firebase-ios-sdk" */;
			productName = "FirebaseAppDistribution-Beta";
		};
		A426C21D2DC726BA002A4E44 /* FirebaseAuth */ = {
			isa = XCSwiftPackageProductDependency;
			package = A41C65BB2DC720E9005E01D2 /* XCRemoteSwiftPackageReference "firebase-ios-sdk" */;
			productName = FirebaseAuth;
		};
		A426C21F2DC726BA002A4E44 /* FirebaseAuthCombine-Community */ = {
			isa = XCSwiftPackageProductDependency;
			package = A41C65BB2DC720E9005E01D2 /* XCRemoteSwiftPackageReference "firebase-ios-sdk" */;
			productName = "FirebaseAuthCombine-Community";
		};
		A426C2212DC726BA002A4E44 /* FirebaseCrashlytics */ = {
			isa = XCSwiftPackageProductDependency;
			package = A41C65BB2DC720E9005E01D2 /* XCRemoteSwiftPackageReference "firebase-ios-sdk" */;
			productName = FirebaseCrashlytics;
		};
		A426C2232DC726BA002A4E44 /* FirebaseDatabase */ = {
			isa = XCSwiftPackageProductDependency;
			package = A41C65BB2DC720E9005E01D2 /* XCRemoteSwiftPackageReference "firebase-ios-sdk" */;
			productName = FirebaseDatabase;
		};
		A426C2252DC726BA002A4E44 /* FirebaseDatabaseSwift */ = {
			isa = XCSwiftPackageProductDependency;
			package = A41C65BB2DC720E9005E01D2 /* XCRemoteSwiftPackageReference "firebase-ios-sdk" */;
			productName = FirebaseDatabaseSwift;
		};
		A426C2272DC726BA002A4E44 /* FirebaseDynamicLinks */ = {
			isa = XCSwiftPackageProductDependency;
			package = A41C65BB2DC720E9005E01D2 /* XCRemoteSwiftPackageReference "firebase-ios-sdk" */;
			productName = FirebaseDynamicLinks;
		};
		A426C2292DC726BA002A4E44 /* FirebaseFirestore */ = {
			isa = XCSwiftPackageProductDependency;
			package = A41C65BB2DC720E9005E01D2 /* XCRemoteSwiftPackageReference "firebase-ios-sdk" */;
			productName = FirebaseFirestore;
		};
		A426C22B2DC726BA002A4E44 /* FirebaseFirestoreCombine-Community */ = {
			isa = XCSwiftPackageProductDependency;
			package = A41C65BB2DC720E9005E01D2 /* XCRemoteSwiftPackageReference "firebase-ios-sdk" */;
			productName = "FirebaseFirestoreCombine-Community";
		};
		A426C22D2DC726BA002A4E44 /* FirebaseFirestoreSwift */ = {
			isa = XCSwiftPackageProductDependency;
			package = A41C65BB2DC720E9005E01D2 /* XCRemoteSwiftPackageReference "firebase-ios-sdk" */;
			productName = FirebaseFirestoreSwift;
		};
		A426C22F2DC726BA002A4E44 /* FirebaseFunctions */ = {
			isa = XCSwiftPackageProductDependency;
			package = A41C65BB2DC720E9005E01D2 /* XCRemoteSwiftPackageReference "firebase-ios-sdk" */;
			productName = FirebaseFunctions;
		};
		A426C2312DC726BA002A4E44 /* FirebaseFunctionsCombine-Community */ = {
			isa = XCSwiftPackageProductDependency;
			package = A41C65BB2DC720E9005E01D2 /* XCRemoteSwiftPackageReference "firebase-ios-sdk" */;
			productName = "FirebaseFunctionsCombine-Community";
		};
		A426C2332DC726BA002A4E44 /* FirebaseInAppMessaging-Beta */ = {
			isa = XCSwiftPackageProductDependency;
			package = A41C65BB2DC720E9005E01D2 /* XCRemoteSwiftPackageReference "firebase-ios-sdk" */;
			productName = "FirebaseInAppMessaging-Beta";
		};
		A426C2352DC726BA002A4E44 /* FirebaseInAppMessagingSwift-Beta */ = {
			isa = XCSwiftPackageProductDependency;
			package = A41C65BB2DC720E9005E01D2 /* XCRemoteSwiftPackageReference "firebase-ios-sdk" */;
			productName = "FirebaseInAppMessagingSwift-Beta";
		};
		A426C2372DC726BA002A4E44 /* FirebaseInstallations */ = {
			isa = XCSwiftPackageProductDependency;
			package = A41C65BB2DC720E9005E01D2 /* XCRemoteSwiftPackageReference "firebase-ios-sdk" */;
			productName = FirebaseInstallations;
		};
		A426C2392DC726BA002A4E44 /* FirebaseMLModelDownloader */ = {
			isa = XCSwiftPackageProductDependency;
			package = A41C65BB2DC720E9005E01D2 /* XCRemoteSwiftPackageReference "firebase-ios-sdk" */;
			productName = FirebaseMLModelDownloader;
		};
		A426C23B2DC726BA002A4E44 /* FirebaseMessaging */ = {
			isa = XCSwiftPackageProductDependency;
			package = A41C65BB2DC720E9005E01D2 /* XCRemoteSwiftPackageReference "firebase-ios-sdk" */;
			productName = FirebaseMessaging;
		};
		A426C23D2DC726BA002A4E44 /* FirebasePerformance */ = {
			isa = XCSwiftPackageProductDependency;
			package = A41C65BB2DC720E9005E01D2 /* XCRemoteSwiftPackageReference "firebase-ios-sdk" */;
			productName = FirebasePerformance;
		};
		A426C23F2DC726BA002A4E44 /* FirebaseRemoteConfig */ = {
			isa = XCSwiftPackageProductDependency;
			package = A41C65BB2DC720E9005E01D2 /* XCRemoteSwiftPackageReference "firebase-ios-sdk" */;
			productName = FirebaseRemoteConfig;
		};
		A426C2412DC726BA002A4E44 /* FirebaseRemoteConfigSwift */ = {
			isa = XCSwiftPackageProductDependency;
			package = A41C65BB2DC720E9005E01D2 /* XCRemoteSwiftPackageReference "firebase-ios-sdk" */;
			productName = FirebaseRemoteConfigSwift;
		};
		A426C2432DC726BA002A4E44 /* FirebaseStorage */ = {
			isa = XCSwiftPackageProductDependency;
			package = A41C65BB2DC720E9005E01D2 /* XCRemoteSwiftPackageReference "firebase-ios-sdk" */;
			productName = FirebaseStorage;
		};
		A426C2452DC726BA002A4E44 /* FirebaseStorageCombine-Community */ = {
			isa = XCSwiftPackageProductDependency;
			package = A41C65BB2DC720E9005E01D2 /* XCRemoteSwiftPackageReference "firebase-ios-sdk" */;
			productName = "FirebaseStorageCombine-Community";
		};
		A426C2472DC726BA002A4E44 /* FirebaseVertexAI-Preview */ = {
			isa = XCSwiftPackageProductDependency;
			package = A41C65BB2DC720E9005E01D2 /* XCRemoteSwiftPackageReference "firebase-ios-sdk" */;
			productName = "FirebaseVertexAI-Preview";
		};
/* End XCSwiftPackageProductDependency section */
	};
	rootObject = A42E69832D99DA7B00EE3523 /* Project object */;
}
